
Microsoft Visual Studio Solution File, Format Version 12.00
# Visual Studio Version 17
VisualStudioVersion = 17.13.35825.156 d17.13
MinimumVisualStudioVersion = 10.0.40219.1
Project("{FAE04EC0-301F-11D3-BF4B-00C04F79EFBC}") = "UNO", "UNO\UNO.csproj", "{B47BC6E7-1705-468D-8D36-58571E6DDFE7}"
EndProject
Global
	GlobalSection(SolutionConfigurationPlatforms) = preSolution
		Debug|Any CPU = Debug|Any CPU
		Release|Any CPU = Release|Any CPU
	EndGlobalSection
	GlobalSection(ProjectConfigurationPlatforms) = postSolution
		{B47BC6E7-1705-468D-8D36-58571E6DDFE7}.Debug|Any CPU.ActiveCfg = Debug|Any CPU
		{B47BC6E7-1705-468D-8D36-58571E6DDFE7}.Debug|Any CPU.Build.0 = Debug|Any CPU
		{B47BC6E7-1705-468D-8D36-58571E6DDFE7}.Release|Any CPU.ActiveCfg = Release|Any CPU
		{B47BC6E7-1705-468D-8D36-58571E6DDFE7}.Release|Any CPU.Build.0 = Release|Any CPU
	EndGlobalSection
	GlobalSection(SolutionProperties) = preSolution
		HideSolutionNode = FALSE
	EndGlobalSection
	GlobalSection(ExtensibilityGlobals) = postSolution
		SolutionGuid = {D1059860-3605-492A-AFBB-3C3E40B594FA}
	EndGlobalSection
EndGlobal
